PODS:
  - Alamofire (4.9.1)
  - AlamofireObjectMapper (5.2.1):
    - Alamofire (~> 4.7)
    - ObjectMapper (~> 3.4)
  - IQKeyboardManagerSwift (7.0.1)
  - JonAlert (1.0.0)
  - ObjectMapper (3.5.3)
  - OTPFieldView (1.0.1)
  - ReachabilitySwift (5.0.0)
  - SDWebImage (5.18.11):
    - SDWebImage/Core (= 5.18.11)
  - SDWebImage/Core (5.18.11)
  - SVProgressHUD (2.3.1):
    - SVProgressHUD/Core (= 2.3.1)
  - SVProgressHUD/Core (2.3.1)

DEPENDENCIES:
  - Alamofire
  - AlamofireObjectMapper (~> 5.2)
  - IQKeyboardManagerSwift
  - JonAlert
  - OTPFieldView
  - ReachabilitySwift
  - SDWebImage
  - SVProgressHUD

SPEC REPOS:
  trunk:
    - Alamofire
    - AlamofireObjectMapper
    - IQKeyboardManagerSwift
    - JonAlert
    - ObjectMapper
    - OTPFieldView
    - ReachabilitySwift
    - SDWebImage
    - SVProgressHUD

SPEC CHECKSUMS:
  Alamofire: 85e8a02c69d6020a0d734f6054870d7ecb75cf18
  AlamofireObjectMapper: 1989f690e982b71921b9253f53a4f33a9bc00d88
  IQKeyboardManagerSwift: 7f6b1b1d1497855d2beea7f2f10ffcc6978525b1
  JonAlert: a83b374ccbf1a14aeb25537d5a3cbe957aac1c2b
  ObjectMapper: 97111c97e054a6ee25917662106689f0b4127b37
  OTPFieldView: 700a752fe62c41d1c4914c78aa500fb30d97c255
  ReachabilitySwift: 985039c6f7b23a1da463388634119492ff86c825
  SDWebImage: a3ba0b8faac7228c3c8eadd1a55c9c9fe5e16457
  SVProgressHUD: 4837c74bdfe2e51e8821c397825996a8d7de6e22

PODFILE CHECKSUM: 884665d395baad9a6ade1cd74244d7c368a6d86c

COCOAPODS: 1.11.3
